// !$*UTF8*$!
{
	archiveVersion = 1;
	classes = {
	};
	objectVersion = 56;
	objects = {

/* Begin PBXBuildFile section */
		0A982755C1084962A7C0E01A /* DesktopPetApp.swift in Sources */ = {isa = PBXBuildFile; fileRef = CCD58125C035431B84890951 /* DesktopPetApp.swift */; };
		C4866706D3FC4985AEBFC731 /* AppDelegate.swift in Sources */ = {isa = PBXBuildFile; fileRef = 5D6B744AFFBF4FBA908E6E02 /* AppDelegate.swift */; };
		B81A66729663465188D5BCD8 /* AppState.swift in Sources */ = {isa = PBXBuildFile; fileRef = F650E06064AD4C1EA8700094 /* AppState.swift */; };
		D829FBD9406C454E961CB866 /* FloatingPanel.swift in Sources */ = {isa = PBXBuildFile; fileRef = A6EF63C2B9E443B58954F1B2 /* FloatingPanel.swift */; };
		24C9AEE743C54AA2B0C589F5 /* SystemMonitor.swift in Sources */ = {isa = PBXBuildFile; fileRef = D18423FC2565462CA0BB4712 /* SystemMonitor.swift */; };
		9B04A822C27849BAA458FCA6 /* PetCharacter.swift in Sources */ = {isa = PBXBuildFile; fileRef = 1A446984CC69468EA0D96866 /* PetCharacter.swift */; };
		F65045CB4B214F749DFB9192 /* PetMetrics.swift in Sources */ = {isa = PBXBuildFile; fileRef = 338C5A1CC61A4C9D80753C66 /* PetMetrics.swift */; };
		E81AF2AC2CD44E58BE48FAD0 /* SpottedDogPet.swift in Sources */ = {isa = PBXBuildFile; fileRef = EB80474380404ED0B641EE70 /* SpottedDogPet.swift */; };
		1B7E13D3718940A394F07AAA /* TabbyCatPet.swift in Sources */ = {isa = PBXBuildFile; fileRef = 55199A4608134D9994E94312 /* TabbyCatPet.swift */; };
		66C8615C0B37496B9B04E0E9 /* SpringValue.swift in Sources */ = {isa = PBXBuildFile; fileRef = 77FE5EA189E644DBB4A32A21 /* SpringValue.swift */; };
		B091320239914B9486DECBB7 /* PetPersonality.swift in Sources */ = {isa = PBXBuildFile; fileRef = 13A95BB7B16C4F4BA75EC351 /* PetPersonality.swift */; };
		AB1A753201484475B8486862 /* IdleAnimator.swift in Sources */ = {isa = PBXBuildFile; fileRef = 30683B14548A4D99824DC24B /* IdleAnimator.swift */; };
		C030646549914697845B401D /* TailSpringChain.swift in Sources */ = {isa = PBXBuildFile; fileRef = BDE28B5554EA4A58B60F5568 /* TailSpringChain.swift */; };
		D91D5B20252545F3AFDC08E6 /* PetContainerView.swift in Sources */ = {isa = PBXBuildFile; fileRef = 1BFC388DFBD14324975D1489 /* PetContainerView.swift */; };
		165D6A752FD745EDAF92465B /* SpottedDogView.swift in Sources */ = {isa = PBXBuildFile; fileRef = 3C349A3BEBDC4233852DD53F /* SpottedDogView.swift */; };
		0FE6DEADCB124B05A918C53A /* SharedShapes.swift in Sources */ = {isa = PBXBuildFile; fileRef = 26801297F2C549ECB79C9EA4 /* SharedShapes.swift */; };
		AC7CF603B1AC415B903BD643 /* TabbyCatView.swift in Sources */ = {isa = PBXBuildFile; fileRef = A2FCB745DADA40CEA6E1F3DA /* TabbyCatView.swift */; };
		F2B73348052D48C285F04DB0 /* MenuBarController.swift in Sources */ = {isa = PBXBuildFile; fileRef = 1093DFDA52BC44A7AB21E69B /* MenuBarController.swift */; };
		7FA152950C8840FF92826C45 /* LoginItemManager.swift in Sources */ = {isa = PBXBuildFile; fileRef = 14B5B896C8A6442786BEAC05 /* LoginItemManager.swift */; };
		31F8BFE566944CDCAB3C12D0 /* DebugCompareView.swift in Sources */ = {isa = PBXBuildFile; fileRef = 4CCDAF109705489BAA0D340A /* DebugCompareView.swift */; };
		22211BE7C997424AA132E218 /* Assets.xcassets in Resources */ = {isa = PBXBuildFile; fileRef = 57FAC74FE3894FA1A2BD5C72 /* Assets.xcassets */; };
/* End PBXBuildFile section */

/* Begin PBXFileReference section */
		CCD58125C035431B84890951 /* DesktopPetApp.swift */ = {isa = PBXFileReference; lastKnownFileType = sourcecode.swift; path = DesktopPetApp.swift; sourceTree = "<group>"; };
		5D6B744AFFBF4FBA908E6E02 /* AppDelegate.swift */ = {isa = PBXFileReference; lastKnownFileType = sourcecode.swift; path = AppDelegate.swift; sourceTree = "<group>"; };
		F650E06064AD4C1EA8700094 /* AppState.swift */ = {isa = PBXFileReference; lastKnownFileType = sourcecode.swift; path = AppState.swift; sourceTree = "<group>"; };
		A6EF63C2B9E443B58954F1B2 /* FloatingPanel.swift */ = {isa = PBXFileReference; lastKnownFileType = sourcecode.swift; path = FloatingPanel.swift; sourceTree = "<group>"; };
		D18423FC2565462CA0BB4712 /* SystemMonitor.swift */ = {isa = PBXFileReference; lastKnownFileType = sourcecode.swift; path = SystemMonitor.swift; sourceTree = "<group>"; };
		1A446984CC69468EA0D96866 /* PetCharacter.swift */ = {isa = PBXFileReference; lastKnownFileType = sourcecode.swift; path = PetCharacter.swift; sourceTree = "<group>"; };
		338C5A1CC61A4C9D80753C66 /* PetMetrics.swift */ = {isa = PBXFileReference; lastKnownFileType = sourcecode.swift; path = PetMetrics.swift; sourceTree = "<group>"; };
		EB80474380404ED0B641EE70 /* SpottedDogPet.swift */ = {isa = PBXFileReference; lastKnownFileType = sourcecode.swift; path = SpottedDogPet.swift; sourceTree = "<group>"; };
		55199A4608134D9994E94312 /* TabbyCatPet.swift */ = {isa = PBXFileReference; lastKnownFileType = sourcecode.swift; path = TabbyCatPet.swift; sourceTree = "<group>"; };
		77FE5EA189E644DBB4A32A21 /* SpringValue.swift */ = {isa = PBXFileReference; lastKnownFileType = sourcecode.swift; path = SpringValue.swift; sourceTree = "<group>"; };
		13A95BB7B16C4F4BA75EC351 /* PetPersonality.swift */ = {isa = PBXFileReference; lastKnownFileType = sourcecode.swift; path = PetPersonality.swift; sourceTree = "<group>"; };
		30683B14548A4D99824DC24B /* IdleAnimator.swift */ = {isa = PBXFileReference; lastKnownFileType = sourcecode.swift; path = IdleAnimator.swift; sourceTree = "<group>"; };
		BDE28B5554EA4A58B60F5568 /* TailSpringChain.swift */ = {isa = PBXFileReference; lastKnownFileType = sourcecode.swift; path = TailSpringChain.swift; sourceTree = "<group>"; };
		1BFC388DFBD14324975D1489 /* PetContainerView.swift */ = {isa = PBXFileReference; lastKnownFileType = sourcecode.swift; path = PetContainerView.swift; sourceTree = "<group>"; };
		3C349A3BEBDC4233852DD53F /* SpottedDogView.swift */ = {isa = PBXFileReference; lastKnownFileType = sourcecode.swift; path = SpottedDogView.swift; sourceTree = "<group>"; };
		26801297F2C549ECB79C9EA4 /* SharedShapes.swift */ = {isa = PBXFileReference; lastKnownFileType = sourcecode.swift; path = SharedShapes.swift; sourceTree = "<group>"; };
		A2FCB745DADA40CEA6E1F3DA /* TabbyCatView.swift */ = {isa = PBXFileReference; lastKnownFileType = sourcecode.swift; path = TabbyCatView.swift; sourceTree = "<group>"; };
		1093DFDA52BC44A7AB21E69B /* MenuBarController.swift */ = {isa = PBXFileReference; lastKnownFileType = sourcecode.swift; path = MenuBarController.swift; sourceTree = "<group>"; };
		14B5B896C8A6442786BEAC05 /* LoginItemManager.swift */ = {isa = PBXFileReference; lastKnownFileType = sourcecode.swift; path = LoginItemManager.swift; sourceTree = "<group>"; };
		4CCDAF109705489BAA0D340A /* DebugCompareView.swift */ = {isa = PBXFileReference; lastKnownFileType = sourcecode.swift; path = DebugCompareView.swift; sourceTree = "<group>"; };
		57FAC74FE3894FA1A2BD5C72 /* Assets.xcassets */ = {isa = PBXFileReference; lastKnownFileType = folder.assetcatalog; path = Assets.xcassets; sourceTree = "<group>"; };
		2EB27727D27A4C05ABEBD7BA /* Info.plist */ = {isa = PBXFileReference; lastKnownFileType = text.plist.xml; path = Info.plist; sourceTree = "<group>"; };
		E2C3D815652E40AA814A329F /* DesktopPet.app */ = {isa = PBXFileReference; explicitFileType = wrapper.application; includeInIndex = 0; path = DesktopPet.app; sourceTree = BUILT_PRODUCTS_DIR; };
/* End PBXFileReference section */

/* Begin PBXFrameworksBuildPhase section */
		964068A4A471486B9FDFAEF5 /* Frameworks */ = {
			isa = PBXFrameworksBuildPhase;
			buildActionMask = 2147483647;
			files = (
			);
			runOnlyForDeploymentPostprocessing = 0;
		};
/* End PBXFrameworksBuildPhase section */

/* Begin PBXGroup section */
		26AEDA7C9A0B49F78ADC4A0C = {
			isa = PBXGroup;
			children = (
				99C62C708A1D4D8797AD7723 /* DesktopPet */,
				0FAD7D360F9B471592348AC4 /* Products */,
			);
			sourceTree = "<group>";
		};
		99C62C708A1D4D8797AD7723 /* DesktopPet */ = {
			isa = PBXGroup;
			children = (
				4EDA768139A24DB1BFA8C1F1 /* App */,
				EBC8908228B545C4B80DD541 /* Windows */,
				664F8003B3044DE9A40218EF /* Monitoring */,
				860B60EC265C47049E08E10D /* Characters */,
				84602C55527F43E9A011A6FD /* Animation */,
				C86289CBB1534B60B52AC27D /* Views */,
				87828F07F9EC4E89A2C11D9E /* MenuBar */,
				44E3D5311F2B4362A6438671 /* Utilities */,
				B9635466884A441FBDAFA13D /* Debug */,
				02310FE095294D8685F963B5 /* Resources */,
				2EB27727D27A4C05ABEBD7BA /* Info.plist */,
			);
			path = DesktopPet;
			sourceTree = "<group>";
		};
		4EDA768139A24DB1BFA8C1F1 /* App */ = {
			isa = PBXGroup;
			children = (
				CCD58125C035431B84890951 /* DesktopPetApp.swift */,
				5D6B744AFFBF4FBA908E6E02 /* AppDelegate.swift */,
				F650E06064AD4C1EA8700094 /* AppState.swift */,
			);
			path = App;
			sourceTree = "<group>";
		};
		EBC8908228B545C4B80DD541 /* Windows */ = {
			isa = PBXGroup;
			children = (
				A6EF63C2B9E443B58954F1B2 /* FloatingPanel.swift */,
			);
			path = Windows;
			sourceTree = "<group>";
		};
		664F8003B3044DE9A40218EF /* Monitoring */ = {
			isa = PBXGroup;
			children = (
				D18423FC2565462CA0BB4712 /* SystemMonitor.swift */,
			);
			path = Monitoring;
			sourceTree = "<group>";
		};
		860B60EC265C47049E08E10D /* Characters */ = {
			isa = PBXGroup;
			children = (
				1A446984CC69468EA0D96866 /* PetCharacter.swift */,
				338C5A1CC61A4C9D80753C66 /* PetMetrics.swift */,
				EB80474380404ED0B641EE70 /* SpottedDogPet.swift */,
				55199A4608134D9994E94312 /* TabbyCatPet.swift */,
			);
			path = Characters;
			sourceTree = "<group>";
		};
		84602C55527F43E9A011A6FD /* Animation */ = {
			isa = PBXGroup;
			children = (
				77FE5EA189E644DBB4A32A21 /* SpringValue.swift */,
				13A95BB7B16C4F4BA75EC351 /* PetPersonality.swift */,
				30683B14548A4D99824DC24B /* IdleAnimator.swift */,
				BDE28B5554EA4A58B60F5568 /* TailSpringChain.swift */,
			);
			path = Animation;
			sourceTree = "<group>";
		};
		C86289CBB1534B60B52AC27D /* Views */ = {
			isa = PBXGroup;
			children = (
				1BFC388DFBD14324975D1489 /* PetContainerView.swift */,
				3C349A3BEBDC4233852DD53F /* SpottedDogView.swift */,
				26801297F2C549ECB79C9EA4 /* SharedShapes.swift */,
				A2FCB745DADA40CEA6E1F3DA /* TabbyCatView.swift */,
			);
			path = Views;
			sourceTree = "<group>";
		};
		87828F07F9EC4E89A2C11D9E /* MenuBar */ = {
			isa = PBXGroup;
			children = (
				1093DFDA52BC44A7AB21E69B /* MenuBarController.swift */,
			);
			path = MenuBar;
			sourceTree = "<group>";
		};
		44E3D5311F2B4362A6438671 /* Utilities */ = {
			isa = PBXGroup;
			children = (
				14B5B896C8A6442786BEAC05 /* LoginItemManager.swift */,
			);
			path = Utilities;
			sourceTree = "<group>";
		};
		B9635466884A441FBDAFA13D /* Debug */ = {
			isa = PBXGroup;
			children = (
				4CCDAF109705489BAA0D340A /* DebugCompareView.swift */,
			);
			path = Debug;
			sourceTree = "<group>";
		};
		02310FE095294D8685F963B5 /* Resources */ = {
			isa = PBXGroup;
			children = (
				57FAC74FE3894FA1A2BD5C72 /* Assets.xcassets */,
			);
			path = Resources;
			sourceTree = "<group>";
		};
		0FAD7D360F9B471592348AC4 /* Products */ = {
			isa = PBXGroup;
			children = (
				E2C3D815652E40AA814A329F /* DesktopPet.app */,
			);
			name = Products;
			sourceTree = "<group>";
		};
/* End PBXGroup section */

/* Begin PBXNativeTarget section */
		B776C8CAA5E740EFBAB598F9 /* DesktopPet */ = {
			isa = PBXNativeTarget;
			buildConfigurationList = BDC2BBD88029425E9CDA4561 /* Build configuration list for PBXNativeTarget "DesktopPet" */;
			buildPhases = (
				62A1738A04B340A297EDA513 /* Sources */,
				964068A4A471486B9FDFAEF5 /* Frameworks */,
				80377482335F472C847CB445 /* Resources */,
			);
			buildRules = (
			);
			dependencies = (
			);
			name = DesktopPet;
			productName = DesktopPet;
			productReference = E2C3D815652E40AA814A329F /* DesktopPet.app */;
			productType = "com.apple.product-type.application";
		};
/* End PBXNativeTarget section */

/* Begin PBXProject section */
		15D9C95D705548A6A25B2BD1 /* Project object */ = {
			isa = PBXProject;
			attributes = {
				BuildIndependentTargetsInParallel = 1;
				LastSwiftUpdateCheck = 1500;
				LastUpgradeCheck = 1500;
				TargetAttributes = {
					B776C8CAA5E740EFBAB598F9 = {
						CreatedOnToolsVersion = 15.0;
					};
				};
			};
			buildConfigurationList = A215E2DBA86C4F58989AC7E9 /* Build configuration list for PBXProject "DesktopPet" */;
			compatibilityVersion = "Xcode 14.0";
			developmentRegion = zh_CN;
			hasScannedForEncodings = 0;
			knownRegions = (
				zh_CN,
				Base,
			);
			mainGroup = 26AEDA7C9A0B49F78ADC4A0C;
			productRefGroup = 0FAD7D360F9B471592348AC4 /* Products */;
			projectDirPath = "";
			projectRoot = "";
			targets = (
				B776C8CAA5E740EFBAB598F9 /* DesktopPet */,
			);
		};
/* End PBXProject section */

/* Begin PBXResourcesBuildPhase section */
		80377482335F472C847CB445 /* Resources */ = {
			isa = PBXResourcesBuildPhase;
			buildActionMask = 2147483647;
			files = (
				22211BE7C997424AA132E218 /* Assets.xcassets in Resources */,
			);
			runOnlyForDeploymentPostprocessing = 0;
		};
/* End PBXResourcesBuildPhase section */

/* Begin PBXSourcesBuildPhase section */
		62A1738A04B340A297EDA513 /* Sources */ = {
			isa = PBXSourcesBuildPhase;
			buildActionMask = 2147483647;
			files = (
				0A982755C1084962A7C0E01A /* DesktopPetApp.swift in Sources */,
				C4866706D3FC4985AEBFC731 /* AppDelegate.swift in Sources */,
				B81A66729663465188D5BCD8 /* AppState.swift in Sources */,
				D829FBD9406C454E961CB866 /* FloatingPanel.swift in Sources */,
				24C9AEE743C54AA2B0C589F5 /* SystemMonitor.swift in Sources */,
				9B04A822C27849BAA458FCA6 /* PetCharacter.swift in Sources */,
				F65045CB4B214F749DFB9192 /* PetMetrics.swift in Sources */,
				E81AF2AC2CD44E58BE48FAD0 /* SpottedDogPet.swift in Sources */,
				1B7E13D3718940A394F07AAA /* TabbyCatPet.swift in Sources */,
				66C8615C0B37496B9B04E0E9 /* SpringValue.swift in Sources */,
				B091320239914B9486DECBB7 /* PetPersonality.swift in Sources */,
				AB1A753201484475B8486862 /* IdleAnimator.swift in Sources */,
				C030646549914697845B401D /* TailSpringChain.swift in Sources */,
				D91D5B20252545F3AFDC08E6 /* PetContainerView.swift in Sources */,
				165D6A752FD745EDAF92465B /* SpottedDogView.swift in Sources */,
				0FE6DEADCB124B05A918C53A /* SharedShapes.swift in Sources */,
				AC7CF603B1AC415B903BD643 /* TabbyCatView.swift in Sources */,
				F2B73348052D48C285F04DB0 /* MenuBarController.swift in Sources */,
				7FA152950C8840FF92826C45 /* LoginItemManager.swift in Sources */,
				31F8BFE566944CDCAB3C12D0 /* DebugCompareView.swift in Sources */,
			);
			runOnlyForDeploymentPostprocessing = 0;
		};
/* End PBXSourcesBuildPhase section */

/* Begin XCBuildConfiguration section */
		2293676A833140789B59AB14 /* Debug */ = {
			isa = XCBuildConfiguration;
			buildSettings = {
				ALWAYS_SEARCH_USER_PATHS = NO;
				CLANG_ANALYZER_NONNULL = YES;
				CLANG_ANALYZER_NUMBER_OBJECT_CONVERSION = YES_AGGRESSIVE;
				CLANG_CXX_LANGUAGE_STANDARD = "gnu++20";
				CLANG_ENABLE_MODULES = YES;
				CLANG_ENABLE_OBJC_ARC = YES;
				CLANG_ENABLE_OBJC_WEAK = YES;
				CLANG_WARN_BLOCK_CAPTURE_AUTORELEASING = YES;
				CLANG_WARN_BOOL_CONVERSION = YES;
				CLANG_WARN_COMMA = YES;
				CLANG_WARN_CONSTANT_CONVERSION = YES;
				CLANG_WARN_DEPRECATED_OBJC_IMPLEMENTATIONS = YES;
				CLANG_WARN_DIRECT_OBJC_ISA_USAGE = YES_ERROR;
				CLANG_WARN_DOCUMENTATION_COMMENTS = YES;
				CLANG_WARN_EMPTY_BODY = YES;
				CLANG_WARN_ENUM_CONVERSION = YES;
				CLANG_WARN_INFINITE_RECURSION = YES;
				CLANG_WARN_INT_CONVERSION = YES;
				CLANG_WARN_NON_LITERAL_NULL_CONVERSION = YES;
				CLANG_WARN_OBJC_IMPLICIT_RETAIN_SELF = YES;
				CLANG_WARN_OBJC_LITERAL_CONVERSION = YES;
				CLANG_WARN_OBJC_ROOT_CLASS = YES_ERROR;
				CLANG_WARN_QUOTED_INCLUDE_IN_FRAMEWORK_HEADER = YES;
				CLANG_WARN_RANGE_LOOP_ANALYSIS = YES;
				CLANG_WARN_STRICT_PROTOTYPES = YES;
				CLANG_WARN_SUSPICIOUS_MOVE = YES;
				CLANG_WARN_UNGUARDED_AVAILABILITY = YES_AGGRESSIVE;
				CLANG_WARN_UNREACHABLE_CODE = YES;
				CLANG_WARN__DUPLICATE_METHOD_MATCH = YES;
				COPY_PHASE_STRIP = NO;
				DEBUG_INFORMATION_FORMAT = dwarf;
				ENABLE_STRICT_OBJC_MSGSEND = YES;
				ENABLE_TESTABILITY = YES;
				ENABLE_USER_SCRIPT_SANDBOXING = YES;
				GCC_C_LANGUAGE_STANDARD = gnu17;
				GCC_DYNAMIC_NO_PIC = NO;
				GCC_NO_COMMON_BLOCKS = YES;
				GCC_OPTIMIZATION_LEVEL = 0;
				GCC_PREPROCESSOR_DEFINITIONS = (
					"DEBUG=1",
					"$(inherited)",
				);
				GCC_WARN_64_TO_32_BIT_CONVERSION = YES;
				GCC_WARN_ABOUT_RETURN_TYPE = YES_ERROR;
				GCC_WARN_UNDECLARED_SELECTOR = YES;
				GCC_WARN_UNINITIALIZED_AUTOS = YES_AGGRESSIVE;
				GCC_WARN_UNUSED_FUNCTION = YES;
				GCC_WARN_UNUSED_VARIABLE = YES;
				MACOSX_DEPLOYMENT_TARGET = 13.0;
				MTL_ENABLE_DEBUG_INFO = INCLUDE_SOURCE;
				MTL_FAST_MATH = YES;
				ONLY_ACTIVE_ARCH = YES;
				SDKROOT = macosx;
				SWIFT_ACTIVE_COMPILATION_CONDITIONS = DEBUG;
				SWIFT_OPTIMIZATION_LEVEL = "-Onone";
			};
			name = Debug;
		};
		8DA975D854F9493E9E80E550 /* Release */ = {
			isa = XCBuildConfiguration;
			buildSettings = {
				ALWAYS_SEARCH_USER_PATHS = NO;
				CLANG_ANALYZER_NONNULL = YES;
				CLANG_ANALYZER_NUMBER_OBJECT_CONVERSION = YES_AGGRESSIVE;
				CLANG_CXX_LANGUAGE_STANDARD = "gnu++20";
				CLANG_ENABLE_MODULES = YES;
				CLANG_ENABLE_OBJC_ARC = YES;
				CLANG_ENABLE_OBJC_WEAK = YES;
				CLANG_WARN_BLOCK_CAPTURE_AUTORELEASING = YES;
				CLANG_WARN_BOOL_CONVERSION = YES;
				CLANG_WARN_COMMA = YES;
				CLANG_WARN_CONSTANT_CONVERSION = YES;
				CLANG_WARN_DEPRECATED_OBJC_IMPLEMENTATIONS = YES;
				CLANG_WARN_DIRECT_OBJC_ISA_USAGE = YES_ERROR;
				CLANG_WARN_DOCUMENTATION_COMMENTS = YES;
				CLANG_WARN_EMPTY_BODY = YES;
				CLANG_WARN_ENUM_CONVERSION = YES;
				CLANG_WARN_INFINITE_RECURSION = YES;
				CLANG_WARN_INT_CONVERSION = YES;
				CLANG_WARN_NON_LITERAL_NULL_CONVERSION = YES;
				CLANG_WARN_OBJC_IMPLICIT_RETAIN_SELF = YES;
				CLANG_WARN_OBJC_LITERAL_CONVERSION = YES;
				CLANG_WARN_OBJC_ROOT_CLASS = YES_ERROR;
				CLANG_WARN_QUOTED_INCLUDE_IN_FRAMEWORK_HEADER = YES;
				CLANG_WARN_RANGE_LOOP_ANALYSIS = YES;
				CLANG_WARN_STRICT_PROTOTYPES = YES;
				CLANG_WARN_SUSPICIOUS_MOVE = YES;
				CLANG_WARN_UNGUARDED_AVAILABILITY = YES_AGGRESSIVE;
				CLANG_WARN_UNREACHABLE_CODE = YES;
				CLANG_WARN__DUPLICATE_METHOD_MATCH = YES;
				COPY_PHASE_STRIP = NO;
				DEBUG_INFORMATION_FORMAT = "dwarf-with-dsym";
				ENABLE_NS_ASSERTIONS = NO;
				ENABLE_STRICT_OBJC_MSGSEND = YES;
				ENABLE_USER_SCRIPT_SANDBOXING = YES;
				GCC_C_LANGUAGE_STANDARD = gnu17;
				GCC_NO_COMMON_BLOCKS = YES;
				GCC_WARN_64_TO_32_BIT_CONVERSION = YES;
				GCC_WARN_ABOUT_RETURN_TYPE = YES_ERROR;
				GCC_WARN_UNDECLARED_SELECTOR = YES;
				GCC_WARN_UNINITIALIZED_AUTOS = YES_AGGRESSIVE;
				GCC_WARN_UNUSED_FUNCTION = YES;
				GCC_WARN_UNUSED_VARIABLE = YES;
				MACOSX_DEPLOYMENT_TARGET = 13.0;
				MTL_ENABLE_DEBUG_INFO = NO;
				MTL_FAST_MATH = YES;
				SDKROOT = macosx;
				SWIFT_COMPILATION_MODE = wholemodule;
				SWIFT_OPTIMIZATION_LEVEL = "-O";
			};
			name = Release;
		};
		6BF6F6D1006B4A6EBFD53424 /* Debug */ = {
			isa = XCBuildConfiguration;
			buildSettings = {
				ASSETCATALOG_COMPILER_APPICON_NAME = AppIcon;
				ASSETCATALOG_COMPILER_GLOBAL_ACCENT_COLOR_NAME = AccentColor;
				CODE_SIGN_STYLE = Automatic;
				COMBINE_HIDPI_IMAGES = YES;
				CURRENT_PROJECT_VERSION = 1;
				ENABLE_HARDENED_RUNTIME = YES;
				GENERATE_INFOPLIST_FILE = NO;
				INFOPLIST_FILE = DesktopPet/Info.plist;
				INFOPLIST_KEY_LSUIElement = YES;
				LD_RUNPATH_SEARCH_PATHS = (
					"$(inherited)",
					"@executable_path/../Frameworks",
				);
				MACOSX_DEPLOYMENT_TARGET = 13.0;
				MARKETING_VERSION = 1.0;
				PRODUCT_BUNDLE_IDENTIFIER = com.aaron.DesktopPet;
				PRODUCT_NAME = "$(TARGET_NAME)";
				SWIFT_EMIT_LOC_STRINGS = YES;
				SWIFT_VERSION = 5.0;
			};
			name = Debug;
		};
		B5BA3251C1974C4C8593562F /* Release */ = {
			isa = XCBuildConfiguration;
			buildSettings = {
				ASSETCATALOG_COMPILER_APPICON_NAME = AppIcon;
				ASSETCATALOG_COMPILER_GLOBAL_ACCENT_COLOR_NAME = AccentColor;
				CODE_SIGN_STYLE = Automatic;
				COMBINE_HIDPI_IMAGES = YES;
				CURRENT_PROJECT_VERSION = 1;
				ENABLE_HARDENED_RUNTIME = YES;
				GENERATE_INFOPLIST_FILE = NO;
				INFOPLIST_FILE = DesktopPet/Info.plist;
				INFOPLIST_KEY_LSUIElement = YES;
				LD_RUNPATH_SEARCH_PATHS = (
					"$(inherited)",
					"@executable_path/../Frameworks",
				);
				MACOSX_DEPLOYMENT_TARGET = 13.0;
				MARKETING_VERSION = 1.0;
				PRODUCT_BUNDLE_IDENTIFIER = com.aaron.DesktopPet;
				PRODUCT_NAME = "$(TARGET_NAME)";
				SWIFT_EMIT_LOC_STRINGS = YES;
				SWIFT_VERSION = 5.0;
			};
			name = Release;
		};
/* End XCBuildConfiguration section */

/* Begin XCConfigurationList section */
		A215E2DBA86C4F58989AC7E9 /* Build configuration list for PBXProject "DesktopPet" */ = {
			isa = XCConfigurationList;
			buildConfigurations = (
				2293676A833140789B59AB14 /* Debug */,
				8DA975D854F9493E9E80E550 /* Release */,
			);
			defaultConfigurationIsVisible = 0;
			defaultConfigurationName = Release;
		};
		BDC2BBD88029425E9CDA4561 /* Build configuration list for PBXNativeTarget "DesktopPet" */ = {
			isa = XCConfigurationList;
			buildConfigurations = (
				6BF6F6D1006B4A6EBFD53424 /* Debug */,
				B5BA3251C1974C4C8593562F /* Release */,
			);
			defaultConfigurationIsVisible = 0;
			defaultConfigurationName = Release;
		};
/* End XCConfigurationList section */

	};
	rootObject = 15D9C95D705548A6A25B2BD1 /* Project object */;
}
