// !$*UTF8*$!
{
	archiveVersion = 1;
	classes = {
	};
	objectVersion = 56;
	objects = {

/* Begin PBXBuildFile section */
		069773C3D5744B67A9AB6046 /* DesktopPetApp.swift in Sources */ = {isa = PBXBuildFile; fileRef = B156E69915B24BDABA8743C1 /* DesktopPetApp.swift */; };
		8CDC7A9B90494B9E8CE367A1 /* AppDelegate.swift in Sources */ = {isa = PBXBuildFile; fileRef = A4797E79C94046E09A8C0291 /* AppDelegate.swift */; };
		381337F85A5C4A30AD0C8DE7 /* AppState.swift in Sources */ = {isa = PBXBuildFile; fileRef = C8C186EC23984FFBB0C8FA8F /* AppState.swift */; };
		54611B9AA09A42D6BC12B37F /* FloatingPanel.swift in Sources */ = {isa = PBXBuildFile; fileRef = AFB872919EEB4D288E72E15B /* FloatingPanel.swift */; };
		E0DD5B9C6C6F4C69B719CCC7 /* SystemMonitor.swift in Sources */ = {isa = PBXBuildFile; fileRef = 81B8C6A8969D47848198CB8F /* SystemMonitor.swift */; };
		E888A767771E45FB89D14140 /* PetCharacter.swift in Sources */ = {isa = PBXBuildFile; fileRef = 09458E4E0A4A4A449359E527 /* PetCharacter.swift */; };
		F5B419A41D984E9F9FCCF18C /* PetMetrics.swift in Sources */ = {isa = PBXBuildFile; fileRef = 2AB78B20B4DC4143A3F07907 /* PetMetrics.swift */; };
		F9180E11256A481DA0E7DF89 /* BichonPet.swift in Sources */ = {isa = PBXBuildFile; fileRef = F7457A680FB146E99A329712 /* BichonPet.swift */; };
		5E631184FC50401396D8BB6D /* TabbyCatPet.swift in Sources */ = {isa = PBXBuildFile; fileRef = CAB8FCDB4C9240F1BABF445E /* TabbyCatPet.swift */; };
		EEBB93681D984F67AD553199 /* SpringValue.swift in Sources */ = {isa = PBXBuildFile; fileRef = AC3D684CC6BE41CA9423FFED /* SpringValue.swift */; };
		065321156069470A8321609D /* PetPersonality.swift in Sources */ = {isa = PBXBuildFile; fileRef = 6EA3729790994A75B5E9AFD3 /* PetPersonality.swift */; };
		BA7783B2D9014650A29F8474 /* IdleAnimator.swift in Sources */ = {isa = PBXBuildFile; fileRef = A7B47EDEBA724B49B01BD00E /* IdleAnimator.swift */; };
		FEDC2A2FA17142DDB770CA50 /* TailSpringChain.swift in Sources */ = {isa = PBXBuildFile; fileRef = 1052501373A34256B685D7F9 /* TailSpringChain.swift */; };
		F5B9B8B72064471F83AAAF3A /* PetContainerView.swift in Sources */ = {isa = PBXBuildFile; fileRef = 32FCA21F484D4874A36DB4E2 /* PetContainerView.swift */; };
		FAA8268851C3477B8C0C2A38 /* BichonView.swift in Sources */ = {isa = PBXBuildFile; fileRef = 7886FEDF762E4FAD99C96ED6 /* BichonView.swift */; };
		6FB861B876234EF69074B43F /* SharedShapes.swift in Sources */ = {isa = PBXBuildFile; fileRef = A1F1344C8F8C401A96BC58F1 /* SharedShapes.swift */; };
		BC276095A96F4381A62FBEA1 /* TabbyCatView.swift in Sources */ = {isa = PBXBuildFile; fileRef = 4BEF05793BC54CDEBE524487 /* TabbyCatView.swift */; };
		5B679E53CD684F41926A8860 /* MenuBarController.swift in Sources */ = {isa = PBXBuildFile; fileRef = 8E2ACB6A9B724FBF8F664DC9 /* MenuBarController.swift */; };
		A072F6F94BFE4BA0BFB724CB /* LoginItemManager.swift in Sources */ = {isa = PBXBuildFile; fileRef = F2A34F5507FE418CBD07E05C /* LoginItemManager.swift */; };
		3605B4FD4BC746FB93A32E95 /* DebugCompareView.swift in Sources */ = {isa = PBXBuildFile; fileRef = 1784F9F88782461DA07DE129 /* DebugCompareView.swift */; };
		94DAFE3DA224460FAB6E15A0 /* dog.riv in Resources */ = {isa = PBXBuildFile; fileRef = AACAEB1440734CB7AE0C2262 /* dog.riv */; };
		C6470A08B8454DEB9EC3295F /* Assets.xcassets in Resources */ = {isa = PBXBuildFile; fileRef = 77A76B766AAD49318F1F42E7 /* Assets.xcassets */; };
/* End PBXBuildFile section */

/* Begin PBXFileReference section */
		B156E69915B24BDABA8743C1 /* DesktopPetApp.swift */ = {isa = PBXFileReference; lastKnownFileType = sourcecode.swift; path = DesktopPetApp.swift; sourceTree = "<group>"; };
		A4797E79C94046E09A8C0291 /* AppDelegate.swift */ = {isa = PBXFileReference; lastKnownFileType = sourcecode.swift; path = AppDelegate.swift; sourceTree = "<group>"; };
		C8C186EC23984FFBB0C8FA8F /* AppState.swift */ = {isa = PBXFileReference; lastKnownFileType = sourcecode.swift; path = AppState.swift; sourceTree = "<group>"; };
		AFB872919EEB4D288E72E15B /* FloatingPanel.swift */ = {isa = PBXFileReference; lastKnownFileType = sourcecode.swift; path = FloatingPanel.swift; sourceTree = "<group>"; };
		81B8C6A8969D47848198CB8F /* SystemMonitor.swift */ = {isa = PBXFileReference; lastKnownFileType = sourcecode.swift; path = SystemMonitor.swift; sourceTree = "<group>"; };
		09458E4E0A4A4A449359E527 /* PetCharacter.swift */ = {isa = PBXFileReference; lastKnownFileType = sourcecode.swift; path = PetCharacter.swift; sourceTree = "<group>"; };
		2AB78B20B4DC4143A3F07907 /* PetMetrics.swift */ = {isa = PBXFileReference; lastKnownFileType = sourcecode.swift; path = PetMetrics.swift; sourceTree = "<group>"; };
		F7457A680FB146E99A329712 /* BichonPet.swift */ = {isa = PBXFileReference; lastKnownFileType = sourcecode.swift; path = BichonPet.swift; sourceTree = "<group>"; };
		CAB8FCDB4C9240F1BABF445E /* TabbyCatPet.swift */ = {isa = PBXFileReference; lastKnownFileType = sourcecode.swift; path = TabbyCatPet.swift; sourceTree = "<group>"; };
		AC3D684CC6BE41CA9423FFED /* SpringValue.swift */ = {isa = PBXFileReference; lastKnownFileType = sourcecode.swift; path = SpringValue.swift; sourceTree = "<group>"; };
		6EA3729790994A75B5E9AFD3 /* PetPersonality.swift */ = {isa = PBXFileReference; lastKnownFileType = sourcecode.swift; path = PetPersonality.swift; sourceTree = "<group>"; };
		A7B47EDEBA724B49B01BD00E /* IdleAnimator.swift */ = {isa = PBXFileReference; lastKnownFileType = sourcecode.swift; path = IdleAnimator.swift; sourceTree = "<group>"; };
		1052501373A34256B685D7F9 /* TailSpringChain.swift */ = {isa = PBXFileReference; lastKnownFileType = sourcecode.swift; path = TailSpringChain.swift; sourceTree = "<group>"; };
		32FCA21F484D4874A36DB4E2 /* PetContainerView.swift */ = {isa = PBXFileReference; lastKnownFileType = sourcecode.swift; path = PetContainerView.swift; sourceTree = "<group>"; };
		7886FEDF762E4FAD99C96ED6 /* BichonView.swift */ = {isa = PBXFileReference; lastKnownFileType = sourcecode.swift; path = BichonView.swift; sourceTree = "<group>"; };
		A1F1344C8F8C401A96BC58F1 /* SharedShapes.swift */ = {isa = PBXFileReference; lastKnownFileType = sourcecode.swift; path = SharedShapes.swift; sourceTree = "<group>"; };
		4BEF05793BC54CDEBE524487 /* TabbyCatView.swift */ = {isa = PBXFileReference; lastKnownFileType = sourcecode.swift; path = TabbyCatView.swift; sourceTree = "<group>"; };
		8E2ACB6A9B724FBF8F664DC9 /* MenuBarController.swift */ = {isa = PBXFileReference; lastKnownFileType = sourcecode.swift; path = MenuBarController.swift; sourceTree = "<group>"; };
		F2A34F5507FE418CBD07E05C /* LoginItemManager.swift */ = {isa = PBXFileReference; lastKnownFileType = sourcecode.swift; path = LoginItemManager.swift; sourceTree = "<group>"; };
		1784F9F88782461DA07DE129 /* DebugCompareView.swift */ = {isa = PBXFileReference; lastKnownFileType = sourcecode.swift; path = DebugCompareView.swift; sourceTree = "<group>"; };
		AACAEB1440734CB7AE0C2262 /* dog.riv */ = {isa = PBXFileReference; lastKnownFileType = file; path = dog.riv; sourceTree = "<group>"; };
		77A76B766AAD49318F1F42E7 /* Assets.xcassets */ = {isa = PBXFileReference; lastKnownFileType = folder.assetcatalog; path = Assets.xcassets; sourceTree = "<group>"; };
		7DABF6C9AB074CC0810DB73E /* Info.plist */ = {isa = PBXFileReference; lastKnownFileType = text.plist.xml; path = Info.plist; sourceTree = "<group>"; };
		21445D6A869B4C4AA4FE614F /* DesktopPet.app */ = {isa = PBXFileReference; explicitFileType = wrapper.application; includeInIndex = 0; path = DesktopPet.app; sourceTree = BUILT_PRODUCTS_DIR; };
/* End PBXFileReference section */

/* Begin PBXFrameworksBuildPhase section */
		87F6E0D566604322AA7B4DB6 /* Frameworks */ = {
			isa = PBXFrameworksBuildPhase;
			buildActionMask = 2147483647;
			files = (
			);
			runOnlyForDeploymentPostprocessing = 0;
		};
/* End PBXFrameworksBuildPhase section */

/* Begin PBXGroup section */
		2950BD1201F6435681B7C14C = {
			isa = PBXGroup;
			children = (
				805274475AF24FA2B7C80B99 /* DesktopPet */,
				3971EF2E04B34A0BA70C550D /* Products */,
			);
			sourceTree = "<group>";
		};
		805274475AF24FA2B7C80B99 /* DesktopPet */ = {
			isa = PBXGroup;
			children = (
				A0AE9C6532CD463282BD0E0D /* App */,
				59ABFBE9FDBF4A839D8F0F7D /* Windows */,
				26B79EE0CC334011A5CE34E6 /* Monitoring */,
				D981FC1D223F41DBAB03CD0E /* Characters */,
				C9CE1C1032B24129B6DA4F1F /* Animation */,
				D9CE818BCB7A4374909362A2 /* Views */,
				585B1C51C54D46D9953EEA64 /* MenuBar */,
				2108765C85074BBB994367A0 /* Utilities */,
				30F66AC58DFE4F1EA4BCCE78 /* Debug */,
				3B1F7A59D23B43A395CBB0B4 /* Resources */,
				7DABF6C9AB074CC0810DB73E /* Info.plist */,
			);
			path = DesktopPet;
			sourceTree = "<group>";
		};
		A0AE9C6532CD463282BD0E0D /* App */ = {
			isa = PBXGroup;
			children = (
				B156E69915B24BDABA8743C1 /* DesktopPetApp.swift */,
				A4797E79C94046E09A8C0291 /* AppDelegate.swift */,
				C8C186EC23984FFBB0C8FA8F /* AppState.swift */,
			);
			path = App;
			sourceTree = "<group>";
		};
		59ABFBE9FDBF4A839D8F0F7D /* Windows */ = {
			isa = PBXGroup;
			children = (
				AFB872919EEB4D288E72E15B /* FloatingPanel.swift */,
			);
			path = Windows;
			sourceTree = "<group>";
		};
		26B79EE0CC334011A5CE34E6 /* Monitoring */ = {
			isa = PBXGroup;
			children = (
				81B8C6A8969D47848198CB8F /* SystemMonitor.swift */,
			);
			path = Monitoring;
			sourceTree = "<group>";
		};
		D981FC1D223F41DBAB03CD0E /* Characters */ = {
			isa = PBXGroup;
			children = (
				09458E4E0A4A4A449359E527 /* PetCharacter.swift */,
				2AB78B20B4DC4143A3F07907 /* PetMetrics.swift */,
				F7457A680FB146E99A329712 /* BichonPet.swift */,
				CAB8FCDB4C9240F1BABF445E /* TabbyCatPet.swift */,
			);
			path = Characters;
			sourceTree = "<group>";
		};
		C9CE1C1032B24129B6DA4F1F /* Animation */ = {
			isa = PBXGroup;
			children = (
				AC3D684CC6BE41CA9423FFED /* SpringValue.swift */,
				6EA3729790994A75B5E9AFD3 /* PetPersonality.swift */,
				A7B47EDEBA724B49B01BD00E /* IdleAnimator.swift */,
				1052501373A34256B685D7F9 /* TailSpringChain.swift */,
			);
			path = Animation;
			sourceTree = "<group>";
		};
		D9CE818BCB7A4374909362A2 /* Views */ = {
			isa = PBXGroup;
			children = (
				32FCA21F484D4874A36DB4E2 /* PetContainerView.swift */,
				7886FEDF762E4FAD99C96ED6 /* BichonView.swift */,
				A1F1344C8F8C401A96BC58F1 /* SharedShapes.swift */,
				4BEF05793BC54CDEBE524487 /* TabbyCatView.swift */,
			);
			path = Views;
			sourceTree = "<group>";
		};
		585B1C51C54D46D9953EEA64 /* MenuBar */ = {
			isa = PBXGroup;
			children = (
				8E2ACB6A9B724FBF8F664DC9 /* MenuBarController.swift */,
			);
			path = MenuBar;
			sourceTree = "<group>";
		};
		2108765C85074BBB994367A0 /* Utilities */ = {
			isa = PBXGroup;
			children = (
				F2A34F5507FE418CBD07E05C /* LoginItemManager.swift */,
			);
			path = Utilities;
			sourceTree = "<group>";
		};
		30F66AC58DFE4F1EA4BCCE78 /* Debug */ = {
			isa = PBXGroup;
			children = (
				1784F9F88782461DA07DE129 /* DebugCompareView.swift */,
			);
			path = Debug;
			sourceTree = "<group>";
		};
		3B1F7A59D23B43A395CBB0B4 /* Resources */ = {
			isa = PBXGroup;
			children = (
				77A76B766AAD49318F1F42E7 /* Assets.xcassets */,
				AACAEB1440734CB7AE0C2262 /* dog.riv */,
			);
			path = Resources;
			sourceTree = "<group>";
		};
		3971EF2E04B34A0BA70C550D /* Products */ = {
			isa = PBXGroup;
			children = (
				21445D6A869B4C4AA4FE614F /* DesktopPet.app */,
			);
			name = Products;
			sourceTree = "<group>";
		};
/* End PBXGroup section */

/* Begin PBXNativeTarget section */
		B399EB129363413DAD8B96ED /* DesktopPet */ = {
			isa = PBXNativeTarget;
			buildConfigurationList = A33E596A04164529BEC92970 /* Build configuration list for PBXNativeTarget "DesktopPet" */;
			buildPhases = (
				DEF5CE0FAAF84A7EAD3CF689 /* Sources */,
				87F6E0D566604322AA7B4DB6 /* Frameworks */,
				30743127AA674F6FAE6F2CA8 /* Resources */,
			);
			buildRules = (
			);
			dependencies = (
			);
			name = DesktopPet;
			packageProductDependencies = (
				4FBBE40BC4FA4CACA30FB64D /* RiveRuntime */,
			);
			productName = DesktopPet;
			productReference = 21445D6A869B4C4AA4FE614F /* DesktopPet.app */;
			productType = "com.apple.product-type.application";
		};
/* End PBXNativeTarget section */

/* Begin PBXProject section */
		35E5901FEDEC4249B406C05B /* Project object */ = {
			isa = PBXProject;
			attributes = {
				BuildIndependentTargetsInParallel = 1;
				LastSwiftUpdateCheck = 1500;
				LastUpgradeCheck = 1500;
				TargetAttributes = {
					B399EB129363413DAD8B96ED = {
						CreatedOnToolsVersion = 15.0;
					};
				};
			};
			buildConfigurationList = 901C06465E6948D18EAE77C3 /* Build configuration list for PBXProject "DesktopPet" */;
			compatibilityVersion = "Xcode 14.0";
			developmentRegion = zh_CN;
			hasScannedForEncodings = 0;
			knownRegions = (
				zh_CN,
				Base,
			);
			mainGroup = 2950BD1201F6435681B7C14C;
			packageReferences = (
				BE3CD8DF21104647BA78729C /* XCRemoteSwiftPackageReference "rive-ios" */,
			);
			productRefGroup = 3971EF2E04B34A0BA70C550D /* Products */;
			projectDirPath = "";
			projectRoot = "";
			targets = (
				B399EB129363413DAD8B96ED /* DesktopPet */,
			);
		};
/* End PBXProject section */

/* Begin PBXResourcesBuildPhase section */
		30743127AA674F6FAE6F2CA8 /* Resources */ = {
			isa = PBXResourcesBuildPhase;
			buildActionMask = 2147483647;
			files = (
				C6470A08B8454DEB9EC3295F /* Assets.xcassets in Resources */,
				94DAFE3DA224460FAB6E15A0 /* dog.riv in Resources */,
			);
			runOnlyForDeploymentPostprocessing = 0;
		};
/* End PBXResourcesBuildPhase section */

/* Begin PBXSourcesBuildPhase section */
		DEF5CE0FAAF84A7EAD3CF689 /* Sources */ = {
			isa = PBXSourcesBuildPhase;
			buildActionMask = 2147483647;
			files = (
				069773C3D5744B67A9AB6046 /* DesktopPetApp.swift in Sources */,
				8CDC7A9B90494B9E8CE367A1 /* AppDelegate.swift in Sources */,
				381337F85A5C4A30AD0C8DE7 /* AppState.swift in Sources */,
				54611B9AA09A42D6BC12B37F /* FloatingPanel.swift in Sources */,
				E0DD5B9C6C6F4C69B719CCC7 /* SystemMonitor.swift in Sources */,
				E888A767771E45FB89D14140 /* PetCharacter.swift in Sources */,
				F5B419A41D984E9F9FCCF18C /* PetMetrics.swift in Sources */,
				F9180E11256A481DA0E7DF89 /* BichonPet.swift in Sources */,
				5E631184FC50401396D8BB6D /* TabbyCatPet.swift in Sources */,
				EEBB93681D984F67AD553199 /* SpringValue.swift in Sources */,
				065321156069470A8321609D /* PetPersonality.swift in Sources */,
				BA7783B2D9014650A29F8474 /* IdleAnimator.swift in Sources */,
				FEDC2A2FA17142DDB770CA50 /* TailSpringChain.swift in Sources */,
				F5B9B8B72064471F83AAAF3A /* PetContainerView.swift in Sources */,
				FAA8268851C3477B8C0C2A38 /* BichonView.swift in Sources */,
				6FB861B876234EF69074B43F /* SharedShapes.swift in Sources */,
				BC276095A96F4381A62FBEA1 /* TabbyCatView.swift in Sources */,
				5B679E53CD684F41926A8860 /* MenuBarController.swift in Sources */,
				A072F6F94BFE4BA0BFB724CB /* LoginItemManager.swift in Sources */,
				3605B4FD4BC746FB93A32E95 /* DebugCompareView.swift in Sources */,
			);
			runOnlyForDeploymentPostprocessing = 0;
		};
/* End PBXSourcesBuildPhase section */

/* Begin XCBuildConfiguration section */
		209196EEAFDB4AADBBB00664 /* Debug */ = {
			isa = XCBuildConfiguration;
			buildSettings = {
				ALWAYS_SEARCH_USER_PATHS = NO;
				CLANG_ANALYZER_NONNULL = YES;
				CLANG_ANALYZER_NUMBER_OBJECT_CONVERSION = YES_AGGRESSIVE;
				CLANG_CXX_LANGUAGE_STANDARD = "gnu++20";
				CLANG_ENABLE_MODULES = YES;
				CLANG_ENABLE_OBJC_ARC = YES;
				CLANG_ENABLE_OBJC_WEAK = YES;
				CLANG_WARN_BLOCK_CAPTURE_AUTORELEASING = YES;
				CLANG_WARN_BOOL_CONVERSION = YES;
				CLANG_WARN_COMMA = YES;
				CLANG_WARN_CONSTANT_CONVERSION = YES;
				CLANG_WARN_DEPRECATED_OBJC_IMPLEMENTATIONS = YES;
				CLANG_WARN_DIRECT_OBJC_ISA_USAGE = YES_ERROR;
				CLANG_WARN_DOCUMENTATION_COMMENTS = YES;
				CLANG_WARN_EMPTY_BODY = YES;
				CLANG_WARN_ENUM_CONVERSION = YES;
				CLANG_WARN_INFINITE_RECURSION = YES;
				CLANG_WARN_INT_CONVERSION = YES;
				CLANG_WARN_NON_LITERAL_NULL_CONVERSION = YES;
				CLANG_WARN_OBJC_IMPLICIT_RETAIN_SELF = YES;
				CLANG_WARN_OBJC_LITERAL_CONVERSION = YES;
				CLANG_WARN_OBJC_ROOT_CLASS = YES_ERROR;
				CLANG_WARN_QUOTED_INCLUDE_IN_FRAMEWORK_HEADER = YES;
				CLANG_WARN_RANGE_LOOP_ANALYSIS = YES;
				CLANG_WARN_STRICT_PROTOTYPES = YES;
				CLANG_WARN_SUSPICIOUS_MOVE = YES;
				CLANG_WARN_UNGUARDED_AVAILABILITY = YES_AGGRESSIVE;
				CLANG_WARN_UNREACHABLE_CODE = YES;
				CLANG_WARN__DUPLICATE_METHOD_MATCH = YES;
				COPY_PHASE_STRIP = NO;
				DEBUG_INFORMATION_FORMAT = dwarf;
				ENABLE_STRICT_OBJC_MSGSEND = YES;
				ENABLE_TESTABILITY = YES;
				ENABLE_USER_SCRIPT_SANDBOXING = YES;
				GCC_C_LANGUAGE_STANDARD = gnu17;
				GCC_DYNAMIC_NO_PIC = NO;
				GCC_NO_COMMON_BLOCKS = YES;
				GCC_OPTIMIZATION_LEVEL = 0;
				GCC_PREPROCESSOR_DEFINITIONS = (
					"DEBUG=1",
					"$(inherited)",
				);
				GCC_WARN_64_TO_32_BIT_CONVERSION = YES;
				GCC_WARN_ABOUT_RETURN_TYPE = YES_ERROR;
				GCC_WARN_UNDECLARED_SELECTOR = YES;
				GCC_WARN_UNINITIALIZED_AUTOS = YES_AGGRESSIVE;
				GCC_WARN_UNUSED_FUNCTION = YES;
				GCC_WARN_UNUSED_VARIABLE = YES;
				MACOSX_DEPLOYMENT_TARGET = 13.1;
				MTL_ENABLE_DEBUG_INFO = INCLUDE_SOURCE;
				MTL_FAST_MATH = YES;
				ONLY_ACTIVE_ARCH = YES;
				SDKROOT = macosx;
				SWIFT_ACTIVE_COMPILATION_CONDITIONS = DEBUG;
				SWIFT_OPTIMIZATION_LEVEL = "-Onone";
			};
			name = Debug;
		};
		1E15FFC6E7C649BFA90772DA /* Release */ = {
			isa = XCBuildConfiguration;
			buildSettings = {
				ALWAYS_SEARCH_USER_PATHS = NO;
				CLANG_ANALYZER_NONNULL = YES;
				CLANG_ANALYZER_NUMBER_OBJECT_CONVERSION = YES_AGGRESSIVE;
				CLANG_CXX_LANGUAGE_STANDARD = "gnu++20";
				CLANG_ENABLE_MODULES = YES;
				CLANG_ENABLE_OBJC_ARC = YES;
				CLANG_ENABLE_OBJC_WEAK = YES;
				CLANG_WARN_BLOCK_CAPTURE_AUTORELEASING = YES;
				CLANG_WARN_BOOL_CONVERSION = YES;
				CLANG_WARN_COMMA = YES;
				CLANG_WARN_CONSTANT_CONVERSION = YES;
				CLANG_WARN_DEPRECATED_OBJC_IMPLEMENTATIONS = YES;
				CLANG_WARN_DIRECT_OBJC_ISA_USAGE = YES_ERROR;
				CLANG_WARN_DOCUMENTATION_COMMENTS = YES;
				CLANG_WARN_EMPTY_BODY = YES;
				CLANG_WARN_ENUM_CONVERSION = YES;
				CLANG_WARN_INFINITE_RECURSION = YES;
				CLANG_WARN_INT_CONVERSION = YES;
				CLANG_WARN_NON_LITERAL_NULL_CONVERSION = YES;
				CLANG_WARN_OBJC_IMPLICIT_RETAIN_SELF = YES;
				CLANG_WARN_OBJC_LITERAL_CONVERSION = YES;
				CLANG_WARN_OBJC_ROOT_CLASS = YES_ERROR;
				CLANG_WARN_QUOTED_INCLUDE_IN_FRAMEWORK_HEADER = YES;
				CLANG_WARN_RANGE_LOOP_ANALYSIS = YES;
				CLANG_WARN_STRICT_PROTOTYPES = YES;
				CLANG_WARN_SUSPICIOUS_MOVE = YES;
				CLANG_WARN_UNGUARDED_AVAILABILITY = YES_AGGRESSIVE;
				CLANG_WARN_UNREACHABLE_CODE = YES;
				CLANG_WARN__DUPLICATE_METHOD_MATCH = YES;
				COPY_PHASE_STRIP = NO;
				DEBUG_INFORMATION_FORMAT = "dwarf-with-dsym";
				ENABLE_NS_ASSERTIONS = NO;
				ENABLE_STRICT_OBJC_MSGSEND = YES;
				ENABLE_USER_SCRIPT_SANDBOXING = YES;
				GCC_C_LANGUAGE_STANDARD = gnu17;
				GCC_NO_COMMON_BLOCKS = YES;
				GCC_WARN_64_TO_32_BIT_CONVERSION = YES;
				GCC_WARN_ABOUT_RETURN_TYPE = YES_ERROR;
				GCC_WARN_UNDECLARED_SELECTOR = YES;
				GCC_WARN_UNINITIALIZED_AUTOS = YES_AGGRESSIVE;
				GCC_WARN_UNUSED_FUNCTION = YES;
				GCC_WARN_UNUSED_VARIABLE = YES;
				MACOSX_DEPLOYMENT_TARGET = 13.1;
				MTL_ENABLE_DEBUG_INFO = NO;
				MTL_FAST_MATH = YES;
				SDKROOT = macosx;
				SWIFT_COMPILATION_MODE = wholemodule;
				SWIFT_OPTIMIZATION_LEVEL = "-O";
			};
			name = Release;
		};
		118C000D2A854D5C8F417BF3 /* Debug */ = {
			isa = XCBuildConfiguration;
			buildSettings = {
				ASSETCATALOG_COMPILER_APPICON_NAME = AppIcon;
				ASSETCATALOG_COMPILER_GLOBAL_ACCENT_COLOR_NAME = AccentColor;
				CODE_SIGN_STYLE = Automatic;
				COMBINE_HIDPI_IMAGES = YES;
				CURRENT_PROJECT_VERSION = 1;
				ENABLE_HARDENED_RUNTIME = YES;
				GENERATE_INFOPLIST_FILE = NO;
				INFOPLIST_FILE = DesktopPet/Info.plist;
				INFOPLIST_KEY_LSUIElement = YES;
				LD_RUNPATH_SEARCH_PATHS = (
					"$(inherited)",
					"@executable_path/../Frameworks",
				);
				MACOSX_DEPLOYMENT_TARGET = 13.1;
				MARKETING_VERSION = 1.0;
				PRODUCT_BUNDLE_IDENTIFIER = com.aaron.DesktopPet;
				PRODUCT_NAME = "$(TARGET_NAME)";
				SWIFT_EMIT_LOC_STRINGS = YES;
				SWIFT_VERSION = 5.0;
			};
			name = Debug;
		};
		98243E28363D439B9FAEADC5 /* Release */ = {
			isa = XCBuildConfiguration;
			buildSettings = {
				ASSETCATALOG_COMPILER_APPICON_NAME = AppIcon;
				ASSETCATALOG_COMPILER_GLOBAL_ACCENT_COLOR_NAME = AccentColor;
				CODE_SIGN_STYLE = Automatic;
				COMBINE_HIDPI_IMAGES = YES;
				CURRENT_PROJECT_VERSION = 1;
				ENABLE_HARDENED_RUNTIME = YES;
				GENERATE_INFOPLIST_FILE = NO;
				INFOPLIST_FILE = DesktopPet/Info.plist;
				INFOPLIST_KEY_LSUIElement = YES;
				LD_RUNPATH_SEARCH_PATHS = (
					"$(inherited)",
					"@executable_path/../Frameworks",
				);
				MACOSX_DEPLOYMENT_TARGET = 13.1;
				MARKETING_VERSION = 1.0;
				PRODUCT_BUNDLE_IDENTIFIER = com.aaron.DesktopPet;
				PRODUCT_NAME = "$(TARGET_NAME)";
				SWIFT_EMIT_LOC_STRINGS = YES;
				SWIFT_VERSION = 5.0;
			};
			name = Release;
		};
/* End XCBuildConfiguration section */

/* Begin XCConfigurationList section */
		901C06465E6948D18EAE77C3 /* Build configuration list for PBXProject "DesktopPet" */ = {
			isa = XCConfigurationList;
			buildConfigurations = (
				209196EEAFDB4AADBBB00664 /* Debug */,
				1E15FFC6E7C649BFA90772DA /* Release */,
			);
			defaultConfigurationIsVisible = 0;
			defaultConfigurationName = Release;
		};
		A33E596A04164529BEC92970 /* Build configuration list for PBXNativeTarget "DesktopPet" */ = {
			isa = XCConfigurationList;
			buildConfigurations = (
				118C000D2A854D5C8F417BF3 /* Debug */,
				98243E28363D439B9FAEADC5 /* Release */,
			);
			defaultConfigurationIsVisible = 0;
			defaultConfigurationName = Release;
		};
/* End XCConfigurationList section */

/* Begin XCRemoteSwiftPackageReference section */
		BE3CD8DF21104647BA78729C /* XCRemoteSwiftPackageReference "rive-ios" */ = {
			isa = XCRemoteSwiftPackageReference;
			repositoryURL = "https://github.com/rive-app/rive-ios";
			requirement = {
				kind = upToNextMajorVersion;
				minimumVersion = 6.0.0;
			};
		};
/* End XCRemoteSwiftPackageReference section */

/* Begin XCSwiftPackageProductDependency section */
		4FBBE40BC4FA4CACA30FB64D /* RiveRuntime */ = {
			isa = XCSwiftPackageProductDependency;
			package = BE3CD8DF21104647BA78729C /* XCRemoteSwiftPackageReference "rive-ios" */;
			productName = RiveRuntime;
		};
/* End XCSwiftPackageProductDependency section */

	};
	rootObject = 35E5901FEDEC4249B406C05B /* Project object */;
}
